<?xml version="1.0" encoding="utf-8"?>
<Project ToolsVersion="17.0" xmlns="http://schemas.microsoft.com/developer/msbuild/2003">
  <ItemGroup>
    <ClCompile Include="C:\Andrew\proj\HQ-Text\_Native\src\FontConfig.cpp">
      <Filter>Source Files</Filter>
    </ClCompile>
    <ClCompile Include="C:\Andrew\proj\HQ-Text\_Native\src\Renderer.cpp">
      <Filter>Source Files</Filter>
    </ClCompile>
    <ClCompile Include="C:\Andrew\proj\HQ-Text\_Native\src\Plugin.cpp">
      <Filter>Source Files</Filter>
    </ClCompile>
  </ItemGroup>
  <ItemGroup>
    <ClInclude Include="C:\Andrew\proj\HQ-Text\_Native\src\TextInfo.h">
      <Filter>Header Files</Filter>
    </ClInclude>
    <ClInclude Include="C:\Andrew\proj\HQ-Text\_Native\src\VerticalAlignment.h">
      <Filter>Header Files</Filter>
    </ClInclude>
    <ClInclude Include="C:\Andrew\proj\HQ-Text\_Native\src\Color.h">
      <Filter>Header Files</Filter>
    </ClInclude>
    <ClInclude Include="C:\Andrew\proj\HQ-Text\_Native\src\Color16.h">
      <Filter>Header Files</Filter>
    </ClInclude>
    <ClInclude Include="C:\Andrew\proj\HQ-Text\_Native\src\TextSize.h">
      <Filter>Header Files</Filter>
    </ClInclude>
    <ClInclude Include="C:\Andrew\proj\HQ-Text\_Native\src\RenderData.h">
      <Filter>Header Files</Filter>
    </ClInclude>
    <ClInclude Include="C:\Andrew\proj\HQ-Text\_Native\src\Unity\IUnityInterface.h">
      <Filter>Header Files</Filter>
    </ClInclude>
    <ClInclude Include="C:\Andrew\proj\HQ-Text\_Native\src\Unity\IUnityGraphics.h">
      <Filter>Header Files</Filter>
    </ClInclude>
    <ClInclude Include="C:\Andrew\proj\HQ-Text\_Native\src\Unity\IUnityRenderingExtensions.h">
      <Filter>Header Files</Filter>
    </ClInclude>
    <ClInclude Include="C:\Andrew\proj\HQ-Text\_Native\src\HorizontalWrapping.h">
      <Filter>Header Files</Filter>
    </ClInclude>
    <ClInclude Include="C:\Andrew\proj\HQ-Text\_Native\src\VerticalWrapping.h">
      <Filter>Header Files</Filter>
    </ClInclude>
    <ClInclude Include="C:\Andrew\proj\HQ-Text\_Native\src\FontConfig.h">
      <Filter>Header Files</Filter>
    </ClInclude>
    <ClInclude Include="C:\Andrew\proj\HQ-Text\_Native\src\Renderer.h">
      <Filter>Header Files</Filter>
    </ClInclude>
    <ClInclude Include="C:\Andrew\proj\HQ-Text\_Native\src\Plugin.h">
      <Filter>Header Files</Filter>
    </ClInclude>
    <ClInclude Include="DefaultFontConfig.h">
      <Filter>Header Files</Filter>
    </ClInclude>
  </ItemGroup>
  <ItemGroup>
    <CustomBuild Include="C:\Andrew\proj\HQ-Text\_Native\src\CMakeLists.txt" />
  </ItemGroup>
  <ItemGroup>
    <Filter Include="Header Files">
      <UniqueIdentifier>{26080E62-CEBD-3B9D-8CDA-58B32D922FD2}</UniqueIdentifier>
    </Filter>
    <Filter Include="Source Files">
      <UniqueIdentifier>{069440DA-FE59-3530-8541-6175CE42872D}</UniqueIdentifier>
    </Filter>
  </ItemGroup>
</Project>